# THIS IS AN AUTOGENERATED FILE. DO NOT EDIT THIS FILE DIRECTLY.
# yarn lockfile v1


chromium-pickle-js@^0.2.0:
  version "0.2.0"
  resolved "https://registry.yarnpkg.com/chromium-pickle-js/-/chromium-pickle-js-0.2.0.tgz#04a106672c18b085ab774d983dfa3ea138f22205"
  integrity sha1-BKEGZywYsIWrd02YPfo+oTjyIgU=

commander@^6.1.0:
  version "6.1.0"
  resolved "https://registry.yarnpkg.com/commander/-/commander-6.1.0.tgz#f8d722b78103141006b66f4c7ba1e97315ba75bc"
  integrity sha512-wl7PNrYWd2y5mp1OK/LhTlv8Ff4kQJQRXXAvF+uU/TPNiVJUxZLRYGj/B0y/lPGAVcSbJqH2Za/cvHmrPMC8mA==
